// !$*UTF8*$!
{
	archiveVersion = 1;
	classes = {
	};
	objectVersion = 46;
	objects = {

/* Begin PBXBuildFile section */
		9838A58E191E111A00FF651A /* rightArrow.png in Resources */ = {isa = PBXBuildFile; fileRef = 9838A58D191E111A00FF651A /* rightArrow.png */; };
		987E2A8219208FB100371B01 /* CustomCellWithXib.m in Sources */ = {isa = PBXBuildFile; fileRef = 987E2A8019208FB100371B01 /* CustomCellWithXib.m */; };
		987E2A8319208FB100371B01 /* CustomCellWithXib.xib in Resources */ = {isa = PBXBuildFile; fileRef = 987E2A8119208FB100371B01 /* CustomCellWithXib.xib */; };
		987E2A851920A57C00371B01 /* textBackGround.png in Resources */ = {isa = PBXBuildFile; fileRef = 987E2A841920A57C00371B01 /* textBackGround.png */; };
		987E2A871920B67E00371B01 /* dropbox-bg-up.png in Resources */ = {isa = PBXBuildFile; fileRef = 987E2A861920B67E00371B01 /* dropbox-bg-up.png */; };
		989D7B6D191B6856002C750C /* Foundation.framework in Frameworks */ = {isa = PBXBuildFile; fileRef = 989D7B6C191B6856002C750C /* Foundation.framework */; };
		989D7B6F191B6856002C750C /* CoreGraphics.framework in Frameworks */ = {isa = PBXBuildFile; fileRef = 989D7B6E191B6856002C750C /* CoreGraphics.framework */; };
		989D7B71191B6856002C750C /* UIKit.framework in Frameworks */ = {isa = PBXBuildFile; fileRef = 989D7B70191B6856002C750C /* UIKit.framework */; };
		989D7B77191B6856002C750C /* InfoPlist.strings in Resources */ = {isa = PBXBuildFile; fileRef = 989D7B75191B6856002C750C /* InfoPlist.strings */; };
		989D7B79191B6856002C750C /* main.m in Sources */ = {isa = PBXBuildFile; fileRef = 989D7B78191B6856002C750C /* main.m */; };
		989D7B7D191B6856002C750C /* AppDelegate.m in Sources */ = {isa = PBXBuildFile; fileRef = 989D7B7C191B6856002C750C /* AppDelegate.m */; };
		989D7B80191B6856002C750C /* Main_iPhone.storyboard in Resources */ = {isa = PBXBuildFile; fileRef = 989D7B7E191B6856002C750C /* Main_iPhone.storyboard */; };
		989D7B83191B6856002C750C /* Main_iPad.storyboard in Resources */ = {isa = PBXBuildFile; fileRef = 989D7B81191B6856002C750C /* Main_iPad.storyboard */; };
		989D7B86191B6856002C750C /* ViewController.m in Sources */ = {isa = PBXBuildFile; fileRef = 989D7B85191B6856002C750C /* ViewController.m */; };
		989D7B88191B6856002C750C /* Images.xcassets in Resources */ = {isa = PBXBuildFile; fileRef = 989D7B87191B6856002C750C /* Images.xcassets */; };
		989D7B8F191B6856002C750C /* XCTest.framework in Frameworks */ = {isa = PBXBuildFile; fileRef = 989D7B8E191B6856002C750C /* XCTest.framework */; };
		989D7B90191B6856002C750C /* Foundation.framework in Frameworks */ = {isa = PBXBuildFile; fileRef = 989D7B6C191B6856002C750C /* Foundation.framework */; };
		989D7B91191B6856002C750C /* UIKit.framework in Frameworks */ = {isa = PBXBuildFile; fileRef = 989D7B70191B6856002C750C /* UIKit.framework */; };
		989D7B99191B6856002C750C /* InfoPlist.strings in Resources */ = {isa = PBXBuildFile; fileRef = 989D7B97191B6856002C750C /* InfoPlist.strings */; };
		989D7B9B191B6856002C750C /* ComboboxDemoTests.m in Sources */ = {isa = PBXBuildFile; fileRef = 989D7B9A191B6856002C750C /* ComboboxDemoTests.m */; };
		989D7BA7191B705E002C750C /* ComboboxView.m in Sources */ = {isa = PBXBuildFile; fileRef = 989D7BA6191B705E002C750C /* ComboboxView.m */; };
		98B4EB9A19207B7600851F89 /* button-clear.png in Resources */ = {isa = PBXBuildFile; fileRef = 98B4EB9719207B7600851F89 /* button-clear.png */; };
		98B4EB9B19207B7600851F89 /* dropbox-bg-down.png in Resources */ = {isa = PBXBuildFile; fileRef = 98B4EB9819207B7600851F89 /* dropbox-bg-down.png */; };
		98B4EB9C19207B7600851F89 /* dropBtn-normal.png in Resources */ = {isa = PBXBuildFile; fileRef = 98B4EB9919207B7600851F89 /* dropBtn-normal.png */; };
		98B4EB9F1920823800851F89 /* checkBox-active.png in Resources */ = {isa = PBXBuildFile; fileRef = 98B4EB9D1920823800851F89 /* checkBox-active.png */; };
		98B4EBA01920823800851F89 /* checkBox-normal.png in Resources */ = {isa = PBXBuildFile; fileRef = 98B4EB9E1920823800851F89 /* checkBox-normal.png */; };
		98DD13391920D4B100218574 /* SampleTableViewCell.m in Sources */ = {isa = PBXBuildFile; fileRef = 98DD13371920D4B100218574 /* SampleTableViewCell.m */; };
		98DD133A1920D4B100218574 /* SampleTableViewCell.xib in Resources */ = {isa = PBXBuildFile; fileRef = 98DD13381920D4B100218574 /* SampleTableViewCell.xib */; };
		98DD133E1920D4BD00218574 /* SampleTableViewCell2.m in Sources */ = {isa = PBXBuildFile; fileRef = 98DD133C1920D4BD00218574 /* SampleTableViewCell2.m */; };
		98DD133F1920D4BD00218574 /* SampleTableViewCell2.xib in Resources */ = {isa = PBXBuildFile; fileRef = 98DD133D1920D4BD00218574 /* SampleTableViewCell2.xib */; };
		98DD13421920D4FA00218574 /* SampleObject.m in Sources */ = {isa = PBXBuildFile; fileRef = 98DD13411920D4FA00218574 /* SampleObject.m */; };
/* End PBXBuildFile section */

/* Begin PBXContainerItemProxy section */
		989D7B92191B6856002C750C /* PBXContainerItemProxy */ = {
			isa = PBXContainerItemProxy;
			containerPortal = 989D7B61191B6856002C750C /* Project object */;
			proxyType = 1;
			remoteGlobalIDString = 989D7B68191B6856002C750C;
			remoteInfo = ComboboxDemo;
		};
/* End PBXContainerItemProxy section */

/* Begin PBXFileReference section */
		9838A58D191E111A00FF651A /* rightArrow.png */ = {isa = PBXFileReference; lastKnownFileType = image.png; name = rightArrow.png; path = ../rightArrow.png; sourceTree = "<group>"; };
		987E2A7F19208FB100371B01 /* CustomCellWithXib.h */ = {isa = PBXFileReference; fileEncoding = 4; lastKnownFileType = sourcecode.c.h; path = CustomCellWithXib.h; sourceTree = "<group>"; };
		987E2A8019208FB100371B01 /* CustomCellWithXib.m */ = {isa = PBXFileReference; fileEncoding = 4; lastKnownFileType = sourcecode.c.objc; path = CustomCellWithXib.m; sourceTree = "<group>"; };
		987E2A8119208FB100371B01 /* CustomCellWithXib.xib */ = {isa = PBXFileReference; fileEncoding = 4; lastKnownFileType = file.xib; path = CustomCellWithXib.xib; sourceTree = "<group>"; };
		987E2A841920A57C00371B01 /* textBackGround.png */ = {isa = PBXFileReference; lastKnownFileType = image.png; path = textBackGround.png; sourceTree = "<group>"; };
		987E2A861920B67E00371B01 /* dropbox-bg-up.png */ = {isa = PBXFileReference; lastKnownFileType = image.png; path = "dropbox-bg-up.png"; sourceTree = "<group>"; };
		989D7B69191B6856002C750C /* ComboboxDemo.app */ = {isa = PBXFileReference; explicitFileType = wrapper.application; includeInIndex = 0; path = ComboboxDemo.app; sourceTree = BUILT_PRODUCTS_DIR; };
		989D7B6C191B6856002C750C /* Foundation.framework */ = {isa = PBXFileReference; lastKnownFileType = wrapper.framework; name = Foundation.framework; path = System/Library/Frameworks/Foundation.framework; sourceTree = SDKROOT; };
		989D7B6E191B6856002C750C /* CoreGraphics.framework */ = {isa = PBXFileReference; lastKnownFileType = wrapper.framework; name = CoreGraphics.framework; path = System/Library/Frameworks/CoreGraphics.framework; sourceTree = SDKROOT; };
		989D7B70191B6856002C750C /* UIKit.framework */ = {isa = PBXFileReference; lastKnownFileType = wrapper.framework; name = UIKit.framework; path = System/Library/Frameworks/UIKit.framework; sourceTree = SDKROOT; };
		989D7B74191B6856002C750C /* ComboboxDemo-Info.plist */ = {isa = PBXFileReference; lastKnownFileType = text.plist.xml; path = "ComboboxDemo-Info.plist"; sourceTree = "<group>"; };
		989D7B76191B6856002C750C /* en */ = {isa = PBXFileReference; lastKnownFileType = text.plist.strings; name = en; path = en.lproj/InfoPlist.strings; sourceTree = "<group>"; };
		989D7B78191B6856002C750C /* main.m */ = {isa = PBXFileReference; lastKnownFileType = sourcecode.c.objc; path = main.m; sourceTree = "<group>"; };
		989D7B7A191B6856002C750C /* ComboboxDemo-Prefix.pch */ = {isa = PBXFileReference; lastKnownFileType = sourcecode.c.h; path = "ComboboxDemo-Prefix.pch"; sourceTree = "<group>"; };
		989D7B7B191B6856002C750C /* AppDelegate.h */ = {isa = PBXFileReference; lastKnownFileType = sourcecode.c.h; path = AppDelegate.h; sourceTree = "<group>"; };
		989D7B7C191B6856002C750C /* AppDelegate.m */ = {isa = PBXFileReference; lastKnownFileType = sourcecode.c.objc; path = AppDelegate.m; sourceTree = "<group>"; };
		989D7B7F191B6856002C750C /* Base */ = {isa = PBXFileReference; lastKnownFileType = file.storyboard; name = Base; path = Base.lproj/Main_iPhone.storyboard; sourceTree = "<group>"; };
		989D7B82191B6856002C750C /* Base */ = {isa = PBXFileReference; lastKnownFileType = file.storyboard; name = Base; path = Base.lproj/Main_iPad.storyboard; sourceTree = "<group>"; };
		989D7B84191B6856002C750C /* ViewController.h */ = {isa = PBXFileReference; lastKnownFileType = sourcecode.c.h; path = ViewController.h; sourceTree = "<group>"; };
		989D7B85191B6856002C750C /* ViewController.m */ = {isa = PBXFileReference; lastKnownFileType = sourcecode.c.objc; path = ViewController.m; sourceTree = "<group>"; };
		989D7B87191B6856002C750C /* Images.xcassets */ = {isa = PBXFileReference; lastKnownFileType = folder.assetcatalog; path = Images.xcassets; sourceTree = "<group>"; };
		989D7B8D191B6856002C750C /* ComboboxDemoTests.xctest */ = {isa = PBXFileReference; explicitFileType = wrapper.cfbundle; includeInIndex = 0; path = ComboboxDemoTests.xctest; sourceTree = BUILT_PRODUCTS_DIR; };
		989D7B8E191B6856002C750C /* XCTest.framework */ = {isa = PBXFileReference; lastKnownFileType = wrapper.framework; name = XCTest.framework; path = Library/Frameworks/XCTest.framework; sourceTree = DEVELOPER_DIR; };
		989D7B96191B6856002C750C /* ComboboxDemoTests-Info.plist */ = {isa = PBXFileReference; lastKnownFileType = text.plist.xml; path = "ComboboxDemoTests-Info.plist"; sourceTree = "<group>"; };
		989D7B98191B6856002C750C /* en */ = {isa = PBXFileReference; lastKnownFileType = text.plist.strings; name = en; path = en.lproj/InfoPlist.strings; sourceTree = "<group>"; };
		989D7B9A191B6856002C750C /* ComboboxDemoTests.m */ = {isa = PBXFileReference; lastKnownFileType = sourcecode.c.objc; path = ComboboxDemoTests.m; sourceTree = "<group>"; };
		989D7BA5191B705E002C750C /* ComboboxView.h */ = {isa = PBXFileReference; fileEncoding = 4; lastKnownFileType = sourcecode.c.h; path = ComboboxView.h; sourceTree = "<group>"; };
		989D7BA6191B705E002C750C /* ComboboxView.m */ = {isa = PBXFileReference; fileEncoding = 4; lastKnownFileType = sourcecode.c.objc; path = ComboboxView.m; sourceTree = "<group>"; };
		98B4EB9719207B7600851F89 /* button-clear.png */ = {isa = PBXFileReference; lastKnownFileType = image.png; path = "button-clear.png"; sourceTree = "<group>"; };
		98B4EB9819207B7600851F89 /* dropbox-bg-down.png */ = {isa = PBXFileReference; lastKnownFileType = image.png; path = "dropbox-bg-down.png"; sourceTree = "<group>"; };
		98B4EB9919207B7600851F89 /* dropBtn-normal.png */ = {isa = PBXFileReference; lastKnownFileType = image.png; path = "dropBtn-normal.png"; sourceTree = "<group>"; };
		98B4EB9D1920823800851F89 /* checkBox-active.png */ = {isa = PBXFileReference; lastKnownFileType = image.png; path = "checkBox-active.png"; sourceTree = "<group>"; };
		98B4EB9E1920823800851F89 /* checkBox-normal.png */ = {isa = PBXFileReference; lastKnownFileType = image.png; path = "checkBox-normal.png"; sourceTree = "<group>"; };
		98DD13361920D4B100218574 /* SampleTableViewCell.h */ = {isa = PBXFileReference; fileEncoding = 4; lastKnownFileType = sourcecode.c.h; path = SampleTableViewCell.h; sourceTree = "<group>"; };
		98DD13371920D4B100218574 /* SampleTableViewCell.m */ = {isa = PBXFileReference; fileEncoding = 4; lastKnownFileType = sourcecode.c.objc; path = SampleTableViewCell.m; sourceTree = "<group>"; };
		98DD13381920D4B100218574 /* SampleTableViewCell.xib */ = {isa = PBXFileReference; fileEncoding = 4; lastKnownFileType = file.xib; path = SampleTableViewCell.xib; sourceTree = "<group>"; };
		98DD133B1920D4BD00218574 /* SampleTableViewCell2.h */ = {isa = PBXFileReference; fileEncoding = 4; lastKnownFileType = sourcecode.c.h; path = SampleTableViewCell2.h; sourceTree = "<group>"; };
		98DD133C1920D4BD00218574 /* SampleTableViewCell2.m */ = {isa = PBXFileReference; fileEncoding = 4; lastKnownFileType = sourcecode.c.objc; path = SampleTableViewCell2.m; sourceTree = "<group>"; };
		98DD133D1920D4BD00218574 /* SampleTableViewCell2.xib */ = {isa = PBXFileReference; fileEncoding = 4; lastKnownFileType = file.xib; path = SampleTableViewCell2.xib; sourceTree = "<group>"; };
		98DD13401920D4FA00218574 /* SampleObject.h */ = {isa = PBXFileReference; fileEncoding = 4; lastKnownFileType = sourcecode.c.h; path = SampleObject.h; sourceTree = "<group>"; };
		98DD13411920D4FA00218574 /* SampleObject.m */ = {isa = PBXFileReference; fileEncoding = 4; lastKnownFileType = sourcecode.c.objc; path = SampleObject.m; sourceTree = "<group>"; };
/* End PBXFileReference section */

/* Begin PBXFrameworksBuildPhase section */
		989D7B66191B6856002C750C /* Frameworks */ = {
			isa = PBXFrameworksBuildPhase;
			buildActionMask = 2147483647;
			files = (
				989D7B6F191B6856002C750C /* CoreGraphics.framework in Frameworks */,
				989D7B71191B6856002C750C /* UIKit.framework in Frameworks */,
				989D7B6D191B6856002C750C /* Foundation.framework in Frameworks */,
			);
			runOnlyForDeploymentPostprocessing = 0;
		};
		989D7B8A191B6856002C750C /* Frameworks */ = {
			isa = PBXFrameworksBuildPhase;
			buildActionMask = 2147483647;
			files = (
				989D7B8F191B6856002C750C /* XCTest.framework in Frameworks */,
				989D7B91191B6856002C750C /* UIKit.framework in Frameworks */,
				989D7B90191B6856002C750C /* Foundation.framework in Frameworks */,
			);
			runOnlyForDeploymentPostprocessing = 0;
		};
/* End PBXFrameworksBuildPhase section */

/* Begin PBXGroup section */
		989D7B60191B6856002C750C = {
			isa = PBXGroup;
			children = (
				98DD13401920D4FA00218574 /* SampleObject.h */,
				98DD13411920D4FA00218574 /* SampleObject.m */,
				98DD133B1920D4BD00218574 /* SampleTableViewCell2.h */,
				98DD133C1920D4BD00218574 /* SampleTableViewCell2.m */,
				98DD133D1920D4BD00218574 /* SampleTableViewCell2.xib */,
				98DD13361920D4B100218574 /* SampleTableViewCell.h */,
				98DD13371920D4B100218574 /* SampleTableViewCell.m */,
				98DD13381920D4B100218574 /* SampleTableViewCell.xib */,
				989D7B72191B6856002C750C /* ComboboxDemo */,
				989D7B94191B6856002C750C /* ComboboxDemoTests */,
				989D7B6B191B6856002C750C /* Frameworks */,
				989D7B6A191B6856002C750C /* Products */,
			);
			sourceTree = "<group>";
		};
		989D7B6A191B6856002C750C /* Products */ = {
			isa = PBXGroup;
			children = (
				989D7B69191B6856002C750C /* ComboboxDemo.app */,
				989D7B8D191B6856002C750C /* ComboboxDemoTests.xctest */,
			);
			name = Products;
			sourceTree = "<group>";
		};
		989D7B6B191B6856002C750C /* Frameworks */ = {
			isa = PBXGroup;
			children = (
				989D7B6C191B6856002C750C /* Foundation.framework */,
				989D7B6E191B6856002C750C /* CoreGraphics.framework */,
				989D7B70191B6856002C750C /* UIKit.framework */,
				989D7B8E191B6856002C750C /* XCTest.framework */,
			);
			name = Frameworks;
			sourceTree = "<group>";
		};
		989D7B72191B6856002C750C /* ComboboxDemo */ = {
			isa = PBXGroup;
			children = (
				989D7BA4191B7011002C750C /* Controller */,
				989D7B7B191B6856002C750C /* AppDelegate.h */,
				989D7B7C191B6856002C750C /* AppDelegate.m */,
				989D7B7E191B6856002C750C /* Main_iPhone.storyboard */,
				989D7B81191B6856002C750C /* Main_iPad.storyboard */,
				989D7B84191B6856002C750C /* ViewController.h */,
				989D7B85191B6856002C750C /* ViewController.m */,
				989D7B87191B6856002C750C /* Images.xcassets */,
				98B4EB9619207B7600851F89 /* Resources */,
				989D7B73191B6856002C750C /* Supporting Files */,
			);
			path = ComboboxDemo;
			sourceTree = "<group>";
		};
		989D7B73191B6856002C750C /* Supporting Files */ = {
			isa = PBXGroup;
			children = (
				989D7B74191B6856002C750C /* ComboboxDemo-Info.plist */,
				989D7B75191B6856002C750C /* InfoPlist.strings */,
				989D7B78191B6856002C750C /* main.m */,
				989D7B7A191B6856002C750C /* ComboboxDemo-Prefix.pch */,
			);
			name = "Supporting Files";
			sourceTree = "<group>";
		};
		989D7B94191B6856002C750C /* ComboboxDemoTests */ = {
			isa = PBXGroup;
			children = (
				989D7B9A191B6856002C750C /* ComboboxDemoTests.m */,
				989D7B95191B6856002C750C /* Supporting Files */,
			);
			path = ComboboxDemoTests;
			sourceTree = "<group>";
		};
		989D7B95191B6856002C750C /* Supporting Files */ = {
			isa = PBXGroup;
			children = (
				989D7B96191B6856002C750C /* ComboboxDemoTests-Info.plist */,
				989D7B97191B6856002C750C /* InfoPlist.strings */,
			);
			name = "Supporting Files";
			sourceTree = "<group>";
		};
		989D7BA4191B7011002C750C /* Controller */ = {
			isa = PBXGroup;
			children = (
				989D7BA5191B705E002C750C /* ComboboxView.h */,
				989D7BA6191B705E002C750C /* ComboboxView.m */,
				987E2A7F19208FB100371B01 /* CustomCellWithXib.h */,
				987E2A8019208FB100371B01 /* CustomCellWithXib.m */,
				987E2A8119208FB100371B01 /* CustomCellWithXib.xib */,
			);
			path = Controller;
			sourceTree = "<group>";
		};
		98B4EB9619207B7600851F89 /* Resources */ = {
			isa = PBXGroup;
			children = (
				9838A58D191E111A00FF651A /* rightArrow.png */,
				987E2A861920B67E00371B01 /* dropbox-bg-up.png */,
				987E2A841920A57C00371B01 /* textBackGround.png */,
				98B4EB9D1920823800851F89 /* checkBox-active.png */,
				98B4EB9E1920823800851F89 /* checkBox-normal.png */,
				98B4EB9719207B7600851F89 /* button-clear.png */,
				98B4EB9819207B7600851F89 /* dropbox-bg-down.png */,
				98B4EB9919207B7600851F89 /* dropBtn-normal.png */,
			);
			path = Resources;
			sourceTree = "<group>";
		};
/* End PBXGroup section */

/* Begin PBXNativeTarget section */
		989D7B68191B6856002C750C /* ComboboxDemo */ = {
			isa = PBXNativeTarget;
			buildConfigurationList = 989D7B9E191B6856002C750C /* Build configuration list for PBXNativeTarget "ComboboxDemo" */;
			buildPhases = (
				989D7B65191B6856002C750C /* Sources */,
				989D7B66191B6856002C750C /* Frameworks */,
				989D7B67191B6856002C750C /* Resources */,
			);
			buildRules = (
			);
			dependencies = (
			);
			name = ComboboxDemo;
			productName = ComboboxDemo;
			productReference = 989D7B69191B6856002C750C /* ComboboxDemo.app */;
			productType = "com.apple.product-type.application";
		};
		989D7B8C191B6856002C750C /* ComboboxDemoTests */ = {
			isa = PBXNativeTarget;
			buildConfigurationList = 989D7BA1191B6856002C750C /* Build configuration list for PBXNativeTarget "ComboboxDemoTests" */;
			buildPhases = (
				989D7B89191B6856002C750C /* Sources */,
				989D7B8A191B6856002C750C /* Frameworks */,
				989D7B8B191B6856002C750C /* Resources */,
			);
			buildRules = (
			);
			dependencies = (
				989D7B93191B6856002C750C /* PBXTargetDependency */,
			);
			name = ComboboxDemoTests;
			productName = ComboboxDemoTests;
			productReference = 989D7B8D191B6856002C750C /* ComboboxDemoTests.xctest */;
			productType = "com.apple.product-type.bundle.unit-test";
		};
/* End PBXNativeTarget section */

/* Begin PBXProject section */
		989D7B61191B6856002C750C /* Project object */ = {
			isa = PBXProject;
			attributes = {
				LastUpgradeCheck = 0510;
				ORGANIZATIONNAME = NCXT;
				TargetAttributes = {
					989D7B8C191B6856002C750C = {
						TestTargetID = 989D7B68191B6856002C750C;
					};
				};
			};
			buildConfigurationList = 989D7B64191B6856002C750C /* Build configuration list for PBXProject "ComboboxDemo" */;
			compatibilityVersion = "Xcode 3.2";
			developmentRegion = English;
			hasScannedForEncodings = 0;
			knownRegions = (
				en,
				Base,
			);
			mainGroup = 989D7B60191B6856002C750C;
			productRefGroup = 989D7B6A191B6856002C750C /* Products */;
			projectDirPath = "";
			projectRoot = "";
			targets = (
				989D7B68191B6856002C750C /* ComboboxDemo */,
				989D7B8C191B6856002C750C /* ComboboxDemoTests */,
			);
		};
/* End PBXProject section */

/* Begin PBXResourcesBuildPhase section */
		989D7B67191B6856002C750C /* Resources */ = {
			isa = PBXResourcesBuildPhase;
			buildActionMask = 2147483647;
			files = (
				98B4EB9C19207B7600851F89 /* dropBtn-normal.png in Resources */,
				98B4EB9A19207B7600851F89 /* button-clear.png in Resources */,
				98B4EBA01920823800851F89 /* checkBox-normal.png in Resources */,
				9838A58E191E111A00FF651A /* rightArrow.png in Resources */,
				989D7B83191B6856002C750C /* Main_iPad.storyboard in Resources */,
				989D7B88191B6856002C750C /* Images.xcassets in Resources */,
				989D7B80191B6856002C750C /* Main_iPhone.storyboard in Resources */,
				98B4EB9B19207B7600851F89 /* dropbox-bg-down.png in Resources */,
				989D7B77191B6856002C750C /* InfoPlist.strings in Resources */,
				987E2A8319208FB100371B01 /* CustomCellWithXib.xib in Resources */,
				987E2A871920B67E00371B01 /* dropbox-bg-up.png in Resources */,
				98B4EB9F1920823800851F89 /* checkBox-active.png in Resources */,
				98DD133F1920D4BD00218574 /* SampleTableViewCell2.xib in Resources */,
				98DD133A1920D4B100218574 /* SampleTableViewCell.xib in Resources */,
				987E2A851920A57C00371B01 /* textBackGround.png in Resources */,
			);
			runOnlyForDeploymentPostprocessing = 0;
		};
		989D7B8B191B6856002C750C /* Resources */ = {
			isa = PBXResourcesBuildPhase;
			buildActionMask = 2147483647;
			files = (
				989D7B99191B6856002C750C /* InfoPlist.strings in Resources */,
			);
			runOnlyForDeploymentPostprocessing = 0;
		};
/* End PBXResourcesBuildPhase section */

/* Begin PBXSourcesBuildPhase section */
		989D7B65191B6856002C750C /* Sources */ = {
			isa = PBXSourcesBuildPhase;
			buildActionMask = 2147483647;
			files = (
				98DD133E1920D4BD00218574 /* SampleTableViewCell2.m in Sources */,
				989D7B86191B6856002C750C /* ViewController.m in Sources */,
				989D7BA7191B705E002C750C /* ComboboxView.m in Sources */,
				989D7B7D191B6856002C750C /* AppDelegate.m in Sources */,
				98DD13391920D4B100218574 /* SampleTableViewCell.m in Sources */,
				989D7B79191B6856002C750C /* main.m in Sources */,
				98DD13421920D4FA00218574 /* SampleObject.m in Sources */,
				987E2A8219208FB100371B01 /* CustomCellWithXib.m in Sources */,
			);
			runOnlyForDeploymentPostprocessing = 0;
		};
		989D7B89191B6856002C750C /* Sources */ = {
			isa = PBXSourcesBuildPhase;
			buildActionMask = 2147483647;
			files = (
				989D7B9B191B6856002C750C /* ComboboxDemoTests.m in Sources */,
			);
			runOnlyForDeploymentPostprocessing = 0;
		};
/* End PBXSourcesBuildPhase section */

/* Begin PBXTargetDependency section */
		989D7B93191B6856002C750C /* PBXTargetDependency */ = {
			isa = PBXTargetDependency;
			target = 989D7B68191B6856002C750C /* ComboboxDemo */;
			targetProxy = 989D7B92191B6856002C750C /* PBXContainerItemProxy */;
		};
/* End PBXTargetDependency section */

/* Begin PBXVariantGroup section */
		989D7B75191B6856002C750C /* InfoPlist.strings */ = {
			isa = PBXVariantGroup;
			children = (
				989D7B76191B6856002C750C /* en */,
			);
			name = InfoPlist.strings;
			sourceTree = "<group>";
		};
		989D7B7E191B6856002C750C /* Main_iPhone.storyboard */ = {
			isa = PBXVariantGroup;
			children = (
				989D7B7F191B6856002C750C /* Base */,
			);
			name = Main_iPhone.storyboard;
			sourceTree = "<group>";
		};
		989D7B81191B6856002C750C /* Main_iPad.storyboard */ = {
			isa = PBXVariantGroup;
			children = (
				989D7B82191B6856002C750C /* Base */,
			);
			name = Main_iPad.storyboard;
			sourceTree = "<group>";
		};
		989D7B97191B6856002C750C /* InfoPlist.strings */ = {
			isa = PBXVariantGroup;
			children = (
				989D7B98191B6856002C750C /* en */,
			);
			name = InfoPlist.strings;
			sourceTree = "<group>";
		};
/* End PBXVariantGroup section */

/* Begin XCBuildConfiguration section */
		989D7B9C191B6856002C750C /* Debug */ = {
			isa = XCBuildConfiguration;
			buildSettings = {
				ALWAYS_SEARCH_USER_PATHS = NO;
				CLANG_CXX_LANGUAGE_STANDARD = "gnu++0x";
				CLANG_CXX_LIBRARY = "libc++";
				CLANG_ENABLE_MODULES = YES;
				CLANG_ENABLE_OBJC_ARC = YES;
				CLANG_WARN_BOOL_CONVERSION = YES;
				CLANG_WARN_CONSTANT_CONVERSION = YES;
				CLANG_WARN_DIRECT_OBJC_ISA_USAGE = YES_ERROR;
				CLANG_WARN_EMPTY_BODY = YES;
				CLANG_WARN_ENUM_CONVERSION = YES;
				CLANG_WARN_INT_CONVERSION = YES;
				CLANG_WARN_OBJC_ROOT_CLASS = YES_ERROR;
				CLANG_WARN__DUPLICATE_METHOD_MATCH = YES;
				"CODE_SIGN_IDENTITY[sdk=iphoneos*]" = "iPhone Developer";
				COPY_PHASE_STRIP = NO;
				GCC_C_LANGUAGE_STANDARD = gnu99;
				GCC_DYNAMIC_NO_PIC = NO;
				GCC_OPTIMIZATION_LEVEL = 0;
				GCC_PREPROCESSOR_DEFINITIONS = (
					"DEBUG=1",
					"$(inherited)",
				);
				GCC_SYMBOLS_PRIVATE_EXTERN = NO;
				GCC_WARN_64_TO_32_BIT_CONVERSION = YES;
				GCC_WARN_ABOUT_RETURN_TYPE = YES_ERROR;
				GCC_WARN_UNDECLARED_SELECTOR = YES;
				GCC_WARN_UNINITIALIZED_AUTOS = YES_AGGRESSIVE;
				GCC_WARN_UNUSED_FUNCTION = YES;
				GCC_WARN_UNUSED_VARIABLE = YES;
				IPHONEOS_DEPLOYMENT_TARGET = 6.0;
				ONLY_ACTIVE_ARCH = YES;
				SDKROOT = iphoneos;
				TARGETED_DEVICE_FAMILY = "1,2";
			};
			name = Debug;
		};
		989D7B9D191B6856002C750C /* Release */ = {
			isa = XCBuildConfiguration;
			buildSettings = {
				ALWAYS_SEARCH_USER_PATHS = NO;
				CLANG_CXX_LANGUAGE_STANDARD = "gnu++0x";
				CLANG_CXX_LIBRARY = "libc++";
				CLANG_ENABLE_MODULES = YES;
				CLANG_ENABLE_OBJC_ARC = YES;
				CLANG_WARN_BOOL_CONVERSION = YES;
				CLANG_WARN_CONSTANT_CONVERSION = YES;
				CLANG_WARN_DIRECT_OBJC_ISA_USAGE = YES_ERROR;
				CLANG_WARN_EMPTY_BODY = YES;
				CLANG_WARN_ENUM_CONVERSION = YES;
				CLANG_WARN_INT_CONVERSION = YES;
				CLANG_WARN_OBJC_ROOT_CLASS = YES_ERROR;
				CLANG_WARN__DUPLICATE_METHOD_MATCH = YES;
				"CODE_SIGN_IDENTITY[sdk=iphoneos*]" = "iPhone Developer";
				COPY_PHASE_STRIP = YES;
				ENABLE_NS_ASSERTIONS = NO;
				GCC_C_LANGUAGE_STANDARD = gnu99;
				GCC_WARN_64_TO_32_BIT_CONVERSION = YES;
				GCC_WARN_ABOUT_RETURN_TYPE = YES_ERROR;
				GCC_WARN_UNDECLARED_SELECTOR = YES;
				GCC_WARN_UNINITIALIZED_AUTOS = YES_AGGRESSIVE;
				GCC_WARN_UNUSED_FUNCTION = YES;
				GCC_WARN_UNUSED_VARIABLE = YES;
				IPHONEOS_DEPLOYMENT_TARGET = 6.0;
				SDKROOT = iphoneos;
				TARGETED_DEVICE_FAMILY = "1,2";
				VALIDATE_PRODUCT = YES;
			};
			name = Release;
		};
		989D7B9F191B6856002C750C /* Debug */ = {
			isa = XCBuildConfiguration;
			buildSettings = {
				ASSETCATALOG_COMPILER_APPICON_NAME = AppIcon;
				ASSETCATALOG_COMPILER_LAUNCHIMAGE_NAME = LaunchImage;
				GCC_PRECOMPILE_PREFIX_HEADER = YES;
				GCC_PREFIX_HEADER = "ComboboxDemo/ComboboxDemo-Prefix.pch";
				INFOPLIST_FILE = "ComboboxDemo/ComboboxDemo-Info.plist";
				IPHONEOS_DEPLOYMENT_TARGET = 6.0;
				PRODUCT_NAME = "$(TARGET_NAME)";
				WRAPPER_EXTENSION = app;
			};
			name = Debug;
		};
		989D7BA0191B6856002C750C /* Release */ = {
			isa = XCBuildConfiguration;
			buildSettings = {
				ASSETCATALOG_COMPILER_APPICON_NAME = AppIcon;
				ASSETCATALOG_COMPILER_LAUNCHIMAGE_NAME = LaunchImage;
				GCC_PRECOMPILE_PREFIX_HEADER = YES;
				GCC_PREFIX_HEADER = "ComboboxDemo/ComboboxDemo-Prefix.pch";
				INFOPLIST_FILE = "ComboboxDemo/ComboboxDemo-Info.plist";
				IPHONEOS_DEPLOYMENT_TARGET = 6.0;
				PRODUCT_NAME = "$(TARGET_NAME)";
				WRAPPER_EXTENSION = app;
			};
			name = Release;
		};
		989D7BA2191B6856002C750C /* Debug */ = {
			isa = XCBuildConfiguration;
			buildSettings = {
				BUNDLE_LOADER = "$(BUILT_PRODUCTS_DIR)/ComboboxDemo.app/ComboboxDemo";
				FRAMEWORK_SEARCH_PATHS = (
					"$(SDKROOT)/Developer/Library/Frameworks",
					"$(inherited)",
					"$(DEVELOPER_FRAMEWORKS_DIR)",
				);
				GCC_PRECOMPILE_PREFIX_HEADER = YES;
				GCC_PREFIX_HEADER = "ComboboxDemo/ComboboxDemo-Prefix.pch";
				GCC_PREPROCESSOR_DEFINITIONS = (
					"DEBUG=1",
					"$(inherited)",
				);
				INFOPLIST_FILE = "ComboboxDemoTests/ComboboxDemoTests-Info.plist";
				PRODUCT_NAME = "$(TARGET_NAME)";
				TEST_HOST = "$(BUNDLE_LOADER)";
				WRAPPER_EXTENSION = xctest;
			};
			name = Debug;
		};
		989D7BA3191B6856002C750C /* Release */ = {
			isa = XCBuildConfiguration;
			buildSettings = {
				BUNDLE_LOADER = "$(BUILT_PRODUCTS_DIR)/ComboboxDemo.app/ComboboxDemo";
				FRAMEWORK_SEARCH_PATHS = (
					"$(SDKROOT)/Developer/Library/Frameworks",
					"$(inherited)",
					"$(DEVELOPER_FRAMEWORKS_DIR)",
				);
				GCC_PRECOMPILE_PREFIX_HEADER = YES;
				GCC_PREFIX_HEADER = "ComboboxDemo/ComboboxDemo-Prefix.pch";
				INFOPLIST_FILE = "ComboboxDemoTests/ComboboxDemoTests-Info.plist";
				PRODUCT_NAME = "$(TARGET_NAME)";
				TEST_HOST = "$(BUNDLE_LOADER)";
				WRAPPER_EXTENSION = xctest;
			};
			name = Release;
		};
/* End XCBuildConfiguration section */

/* Begin XCConfigurationList section */
		989D7B64191B6856002C750C /* Build configuration list for PBXProject "ComboboxDemo" */ = {
			isa = XCConfigurationList;
			buildConfigurations = (
				989D7B9C191B6856002C750C /* Debug */,
				989D7B9D191B6856002C750C /* Release */,
			);
			defaultConfigurationIsVisible = 0;
			defaultConfigurationName = Release;
		};
		989D7B9E191B6856002C750C /* Build configuration list for PBXNativeTarget "ComboboxDemo" */ = {
			isa = XCConfigurationList;
			buildConfigurations = (
				989D7B9F191B6856002C750C /* Debug */,
				989D7BA0191B6856002C750C /* Release */,
			);
			defaultConfigurationIsVisible = 0;
			defaultConfigurationName = Release;
		};
		989D7BA1191B6856002C750C /* Build configuration list for PBXNativeTarget "ComboboxDemoTests" */ = {
			isa = XCConfigurationList;
			buildConfigurations = (
				989D7BA2191B6856002C750C /* Debug */,
				989D7BA3191B6856002C750C /* Release */,
			);
			defaultConfigurationIsVisible = 0;
			defaultConfigurationName = Release;
		};
/* End XCConfigurationList section */
	};
	rootObject = 989D7B61191B6856002C750C /* Project object */;
}
